// !$*UTF8*$!
{
	archiveVersion = 1;
	classes = {
	};
	objectVersion = 46;
	objects = {

/* Begin PBXBuildFile section */
		FE0F6BCA1B97819F00774C2E /* p1.c in Sources */ = {isa = PBXBuildFile; fileRef = FE0F6BC91B97819F00774C2E /* p1.c */; };
		FE0F6BD71B97D14C00774C2E /* tools.c in Sources */ = {isa = PBXBuildFile; fileRef = FE0F6BD61B97D14C00774C2E /* tools.c */; };
/* End PBXBuildFile section */

/* Begin PBXCopyFilesBuildPhase section */
		FE0F6BC41B97819F00774C2E /* CopyFiles */ = {
			isa = PBXCopyFilesBuildPhase;
			buildActionMask = 2147483647;
			dstPath = /usr/share/man/man1/;
			dstSubfolderSpec = 0;
			files = (
			);
			runOnlyForDeploymentPostprocessing = 1;
		};
/* End PBXCopyFilesBuildPhase section */

/* Begin PBXFileReference section */
		FE0F6BC61B97819F00774C2E /* p1_Aconti */ = {isa = PBXFileReference; explicitFileType = "compiled.mach-o.executable"; includeInIndex = 0; path = p1_Aconti; sourceTree = BUILT_PRODUCTS_DIR; };
		FE0F6BC91B97819F00774C2E /* p1.c */ = {isa = PBXFileReference; lastKnownFileType = sourcecode.c.c; path = p1.c; sourceTree = "<group>"; };
		FE0F6BD01B9781D700774C2E /* tools.h */ = {isa = PBXFileReference; fileEncoding = 4; lastKnownFileType = sourcecode.c.h; path = tools.h; sourceTree = "<group>"; };
		FE0F6BD61B97D14C00774C2E /* tools.c */ = {isa = PBXFileReference; fileEncoding = 4; lastKnownFileType = sourcecode.c.c; name = tools.c; path = ../tools.c; sourceTree = "<group>"; };
/* End PBXFileReference section */

/* Begin PBXFrameworksBuildPhase section */
		FE0F6BC31B97819F00774C2E /* Frameworks */ = {
			isa = PBXFrameworksBuildPhase;
			buildActionMask = 2147483647;
			files = (
			);
			runOnlyForDeploymentPostprocessing = 0;
		};
/* End PBXFrameworksBuildPhase section */

/* Begin PBXGroup section */
		FE0F6BBD1B97819F00774C2E = {
			isa = PBXGroup;
			children = (
				FE0F6BC81B97819F00774C2E /* p1_Aconti */,
				FE0F6BC71B97819F00774C2E /* Products */,
			);
			sourceTree = "<group>";
		};
		FE0F6BC71B97819F00774C2E /* Products */ = {
			isa = PBXGroup;
			children = (
				FE0F6BC61B97819F00774C2E /* p1_Aconti */,
			);
			name = Products;
			sourceTree = "<group>";
		};
		FE0F6BC81B97819F00774C2E /* p1_Aconti */ = {
			isa = PBXGroup;
			children = (
				FE0F6BC91B97819F00774C2E /* p1.c */,
				FE0F6BD61B97D14C00774C2E /* tools.c */,
				FE0F6BD01B9781D700774C2E /* tools.h */,
			);
			path = p1_Aconti;
			sourceTree = "<group>";
		};
/* End PBXGroup section */

/* Begin PBXNativeTarget section */
		FE0F6BC51B97819F00774C2E /* p1_Aconti */ = {
			isa = PBXNativeTarget;
			buildConfigurationList = FE0F6BCD1B97819F00774C2E /* Build configuration list for PBXNativeTarget "p1_Aconti" */;
			buildPhases = (
				FE0F6BC21B97819F00774C2E /* Sources */,
				FE0F6BC31B97819F00774C2E /* Frameworks */,
				FE0F6BC41B97819F00774C2E /* CopyFiles */,
			);
			buildRules = (
			);
			dependencies = (
			);
			name = p1_Aconti;
			productName = p1_Aconti;
			productReference = FE0F6BC61B97819F00774C2E /* p1_Aconti */;
			productType = "com.apple.product-type.tool";
		};
/* End PBXNativeTarget section */

/* Begin PBXProject section */
		FE0F6BBE1B97819F00774C2E /* Project object */ = {
			isa = PBXProject;
			attributes = {
				LastUpgradeCheck = 0640;
				ORGANIZATIONNAME = Arianna;
				TargetAttributes = {
					FE0F6BC51B97819F00774C2E = {
						CreatedOnToolsVersion = 6.4;
					};
				};
			};
			buildConfigurationList = FE0F6BC11B97819F00774C2E /* Build configuration list for PBXProject "p1_Aconti" */;
			compatibilityVersion = "Xcode 3.2";
			developmentRegion = English;
			hasScannedForEncodings = 0;
			knownRegions = (
				en,
			);
			mainGroup = FE0F6BBD1B97819F00774C2E;
			productRefGroup = FE0F6BC71B97819F00774C2E /* Products */;
			projectDirPath = "";
			projectRoot = "";
			targets = (
				FE0F6BC51B97819F00774C2E /* p1_Aconti */,
			);
		};
/* End PBXProject section */

/* Begin PBXSourcesBuildPhase section */
		FE0F6BC21B97819F00774C2E /* Sources */ = {
			isa = PBXSourcesBuildPhase;
			buildActionMask = 2147483647;
			files = (
				FE0F6BCA1B97819F00774C2E /* p1.c in Sources */,
				FE0F6BD71B97D14C00774C2E /* tools.c in Sources */,
			);
			runOnlyForDeploymentPostprocessing = 0;
		};
/* End PBXSourcesBuildPhase section */

/* Begin XCBuildConfiguration section */
		FE0F6BCB1B97819F00774C2E /* Debug */ = {
			isa = XCBuildConfiguration;
			buildSettings = {
				ALWAYS_SEARCH_USER_PATHS = NO;
				CLANG_CXX_LANGUAGE_STANDARD = "gnu++0x";
				CLANG_CXX_LIBRARY = "libc++";
				CLANG_ENABLE_MODULES = YES;
				CLANG_ENABLE_OBJC_ARC = YES;
				CLANG_WARN_BOOL_CONVERSION = YES;
				CLANG_WARN_CONSTANT_CONVERSION = YES;
				CLANG_WARN_DIRECT_OBJC_ISA_USAGE = YES_ERROR;
				CLANG_WARN_EMPTY_BODY = YES;
				CLANG_WARN_ENUM_CONVERSION = YES;
				CLANG_WARN_INT_CONVERSION = YES;
				CLANG_WARN_OBJC_ROOT_CLASS = YES_ERROR;
				CLANG_WARN_UNREACHABLE_CODE = YES;
				CLANG_WARN__DUPLICATE_METHOD_MATCH = YES;
				COPY_PHASE_STRIP = NO;
				DEBUG_INFORMATION_FORMAT = dwarf;
				ENABLE_STRICT_OBJC_MSGSEND = YES;
				GCC_C_LANGUAGE_STANDARD = gnu99;
				GCC_DYNAMIC_NO_PIC = NO;
				GCC_NO_COMMON_BLOCKS = YES;
				GCC_OPTIMIZATION_LEVEL = 0;
				GCC_PREPROCESSOR_DEFINITIONS = (
					"DEBUG=1",
					"$(inherited)",
				);
				GCC_SYMBOLS_PRIVATE_EXTERN = NO;
				GCC_WARN_64_TO_32_BIT_CONVERSION = YES;
				GCC_WARN_ABOUT_RETURN_TYPE = YES_ERROR;
				GCC_WARN_UNDECLARED_SELECTOR = YES;
				GCC_WARN_UNINITIALIZED_AUTOS = YES_AGGRESSIVE;
				GCC_WARN_UNUSED_FUNCTION = YES;
				GCC_WARN_UNUSED_VARIABLE = YES;
				MACOSX_DEPLOYMENT_TARGET = 10.10;
				MTL_ENABLE_DEBUG_INFO = YES;
				ONLY_ACTIVE_ARCH = YES;
				SDKROOT = macosx;
			};
			name = Debug;
		};
		FE0F6BCC1B97819F00774C2E /* Release */ = {
			isa = XCBuildConfiguration;
			buildSettings = {
				ALWAYS_SEARCH_USER_PATHS = NO;
				CLANG_CXX_LANGUAGE_STANDARD = "gnu++0x";
				CLANG_CXX_LIBRARY = "libc++";
				CLANG_ENABLE_MODULES = YES;
				CLANG_ENABLE_OBJC_ARC = YES;
				CLANG_WARN_BOOL_CONVERSION = YES;
				CLANG_WARN_CONSTANT_CONVERSION = YES;
				CLANG_WARN_DIRECT_OBJC_ISA_USAGE = YES_ERROR;
				CLANG_WARN_EMPTY_BODY = YES;
				CLANG_WARN_ENUM_CONVERSION = YES;
				CLANG_WARN_INT_CONVERSION = YES;
				CLANG_WARN_OBJC_ROOT_CLASS = YES_ERROR;
				CLANG_WARN_UNREACHABLE_CODE = YES;
				CLANG_WARN__DUPLICATE_METHOD_MATCH = YES;
				COPY_PHASE_STRIP = NO;
				DEBUG_INFORMATION_FORMAT = "dwarf-with-dsym";
				ENABLE_NS_ASSERTIONS = NO;
				ENABLE_STRICT_OBJC_MSGSEND = YES;
				GCC_C_LANGUAGE_STANDARD = gnu99;
				GCC_NO_COMMON_BLOCKS = YES;
				GCC_WARN_64_TO_32_BIT_CONVERSION = YES;
				GCC_WARN_ABOUT_RETURN_TYPE = YES_ERROR;
				GCC_WARN_UNDECLARED_SELECTOR = YES;
				GCC_WARN_UNINITIALIZED_AUTOS = YES_AGGRESSIVE;
				GCC_WARN_UNUSED_FUNCTION = YES;
				GCC_WARN_UNUSED_VARIABLE = YES;
				MACOSX_DEPLOYMENT_TARGET = 10.10;
				MTL_ENABLE_DEBUG_INFO = NO;
				SDKROOT = macosx;
			};
			name = Release;
		};
		FE0F6BCE1B97819F00774C2E /* Debug */ = {
			isa = XCBuildConfiguration;
			buildSettings = {
				PRODUCT_NAME = "$(TARGET_NAME)";
			};
			name = Debug;
		};
		FE0F6BCF1B97819F00774C2E /* Release */ = {
			isa = XCBuildConfiguration;
			buildSettings = {
				PRODUCT_NAME = "$(TARGET_NAME)";
			};
			name = Release;
		};
/* End XCBuildConfiguration section */

/* Begin XCConfigurationList section */
		FE0F6BC11B97819F00774C2E /* Build configuration list for PBXProject "p1_Aconti" */ = {
			isa = XCConfigurationList;
			buildConfigurations = (
				FE0F6BCB1B97819F00774C2E /* Debug */,
				FE0F6BCC1B97819F00774C2E /* Release */,
			);
			defaultConfigurationIsVisible = 0;
			defaultConfigurationName = Release;
		};
		FE0F6BCD1B97819F00774C2E /* Build configuration list for PBXNativeTarget "p1_Aconti" */ = {
			isa = XCConfigurationList;
			buildConfigurations = (
				FE0F6BCE1B97819F00774C2E /* Debug */,
				FE0F6BCF1B97819F00774C2E /* Release */,
			);
			defaultConfigurationIsVisible = 0;
			defaultConfigurationName = Release;
		};
/* End XCConfigurationList section */
	};
	rootObject = FE0F6BBE1B97819F00774C2E /* Project object */;
}
